
Microsoft Visual Studio Solution File, Format Version 12.00
# Visual Studio Version 17
VisualStudioVersion = 17.0.31903.59
MinimumVisualStudioVersion = 10.0.40219.1
Project("{FAE04EC0-301F-11D3-BF4B-00C04F79EFBC}") = "RDV.API", "RDV.API\RDV.API.csproj", "{30FAA5C1-1C40-4736-8C27-AABF6B68ADD1}"
	ProjectSection(ProjectDependencies) = postProject
		{0913C539-A52B-4445-BA64-0DADA80EF866} = {0913C539-A52B-4445-BA64-0DADA80EF866}
	EndProjectSection
EndProject
Project("{FAE04EC0-301F-11D3-BF4B-00C04F79EFBC}") = "RDV.Application", "RDV.Application\RDV.Application.csproj", "{EE063CF6-91B7-4CE4-87EE-19B23240401F}"
EndProject
Project("{FAE04EC0-301F-11D3-BF4B-00C04F79EFBC}") = "RDV.Domain", "RDV.Domain\RDV.Domain.csproj", "{0913C539-A52B-4445-BA64-0DADA80EF866}"
EndProject
Project("{FAE04EC0-301F-11D3-BF4B-00C04F79EFBC}") = "RDV.Infrastructure", "RDV.Infrastructure\RDV.Infrastructure.csproj", "{C041FB86-6848-40E2-B30E-48174C31A295}"
EndProject
Project("{FAE04EC0-301F-11D3-BF4B-00C04F79EFBC}") = "RDV.Tests", "RDV.Tests\RDV.Tests.csproj", "{DEC24A29-A1C2-4065-93AF-4D75788D43D2}"
EndProject
Global
	GlobalSection(SolutionConfigurationPlatforms) = preSolution
		Debug|Any CPU = Debug|Any CPU
		Debug|x64 = Debug|x64
		Debug|x86 = Debug|x86
		Release|Any CPU = Release|Any CPU
		Release|x64 = Release|x64
		Release|x86 = Release|x86
	EndGlobalSection
	GlobalSection(ProjectConfigurationPlatforms) = postSolution
		{30FAA5C1-1C40-4736-8C27-AABF6B68ADD1}.Debug|Any CPU.ActiveCfg = Debug|Any CPU
		{30FAA5C1-1C40-4736-8C27-AABF6B68ADD1}.Debug|Any CPU.Build.0 = Debug|Any CPU
		{30FAA5C1-1C40-4736-8C27-AABF6B68ADD1}.Debug|x64.ActiveCfg = Debug|Any CPU
		{30FAA5C1-1C40-4736-8C27-AABF6B68ADD1}.Debug|x64.Build.0 = Debug|Any CPU
		{30FAA5C1-1C40-4736-8C27-AABF6B68ADD1}.Debug|x86.ActiveCfg = Debug|Any CPU
		{30FAA5C1-1C40-4736-8C27-AABF6B68ADD1}.Debug|x86.Build.0 = Debug|Any CPU
		{30FAA5C1-1C40-4736-8C27-AABF6B68ADD1}.Release|Any CPU.ActiveCfg = Release|Any CPU
		{30FAA5C1-1C40-4736-8C27-AABF6B68ADD1}.Release|Any CPU.Build.0 = Release|Any CPU
		{30FAA5C1-1C40-4736-8C27-AABF6B68ADD1}.Release|x64.ActiveCfg = Release|Any CPU
		{30FAA5C1-1C40-4736-8C27-AABF6B68ADD1}.Release|x64.Build.0 = Release|Any CPU
		{30FAA5C1-1C40-4736-8C27-AABF6B68ADD1}.Release|x86.ActiveCfg = Release|Any CPU
		{30FAA5C1-1C40-4736-8C27-AABF6B68ADD1}.Release|x86.Build.0 = Release|Any CPU
		{EE063CF6-91B7-4CE4-87EE-19B23240401F}.Debug|Any CPU.ActiveCfg = Debug|Any CPU
		{EE063CF6-91B7-4CE4-87EE-19B23240401F}.Debug|Any CPU.Build.0 = Debug|Any CPU
		{EE063CF6-91B7-4CE4-87EE-19B23240401F}.Debug|x64.ActiveCfg = Debug|Any CPU
		{EE063CF6-91B7-4CE4-87EE-19B23240401F}.Debug|x64.Build.0 = Debug|Any CPU
		{EE063CF6-91B7-4CE4-87EE-19B23240401F}.Debug|x86.ActiveCfg = Debug|Any CPU
		{EE063CF6-91B7-4CE4-87EE-19B23240401F}.Debug|x86.Build.0 = Debug|Any CPU
		{EE063CF6-91B7-4CE4-87EE-19B23240401F}.Release|Any CPU.ActiveCfg = Release|Any CPU
		{EE063CF6-91B7-4CE4-87EE-19B23240401F}.Release|Any CPU.Build.0 = Release|Any CPU
		{EE063CF6-91B7-4CE4-87EE-19B23240401F}.Release|x64.ActiveCfg = Release|Any CPU
		{EE063CF6-91B7-4CE4-87EE-19B23240401F}.Release|x64.Build.0 = Release|Any CPU
		{EE063CF6-91B7-4CE4-87EE-19B23240401F}.Release|x86.ActiveCfg = Release|Any CPU
		{EE063CF6-91B7-4CE4-87EE-19B23240401F}.Release|x86.Build.0 = Release|Any CPU
		{0913C539-A52B-4445-BA64-0DADA80EF866}.Debug|Any CPU.ActiveCfg = Debug|Any CPU
		{0913C539-A52B-4445-BA64-0DADA80EF866}.Debug|Any CPU.Build.0 = Debug|Any CPU
		{0913C539-A52B-4445-BA64-0DADA80EF866}.Debug|x64.ActiveCfg = Debug|Any CPU
		{0913C539-A52B-4445-BA64-0DADA80EF866}.Debug|x64.Build.0 = Debug|Any CPU
		{0913C539-A52B-4445-BA64-0DADA80EF866}.Debug|x86.ActiveCfg = Debug|Any CPU
		{0913C539-A52B-4445-BA64-0DADA80EF866}.Debug|x86.Build.0 = Debug|Any CPU
		{0913C539-A52B-4445-BA64-0DADA80EF866}.Release|Any CPU.ActiveCfg = Release|Any CPU
		{0913C539-A52B-4445-BA64-0DADA80EF866}.Release|Any CPU.Build.0 = Release|Any CPU
		{0913C539-A52B-4445-BA64-0DADA80EF866}.Release|x64.ActiveCfg = Release|Any CPU
		{0913C539-A52B-4445-BA64-0DADA80EF866}.Release|x64.Build.0 = Release|Any CPU
		{0913C539-A52B-4445-BA64-0DADA80EF866}.Release|x86.ActiveCfg = Release|Any CPU
		{0913C539-A52B-4445-BA64-0DADA80EF866}.Release|x86.Build.0 = Release|Any CPU
		{C041FB86-6848-40E2-B30E-48174C31A295}.Debug|Any CPU.ActiveCfg = Debug|Any CPU
		{C041FB86-6848-40E2-B30E-48174C31A295}.Debug|Any CPU.Build.0 = Debug|Any CPU
		{C041FB86-6848-40E2-B30E-48174C31A295}.Debug|x64.ActiveCfg = Debug|Any CPU
		{C041FB86-6848-40E2-B30E-48174C31A295}.Debug|x64.Build.0 = Debug|Any CPU
		{C041FB86-6848-40E2-B30E-48174C31A295}.Debug|x86.ActiveCfg = Debug|Any CPU
		{C041FB86-6848-40E2-B30E-48174C31A295}.Debug|x86.Build.0 = Debug|Any CPU
		{C041FB86-6848-40E2-B30E-48174C31A295}.Release|Any CPU.ActiveCfg = Release|Any CPU
		{C041FB86-6848-40E2-B30E-48174C31A295}.Release|Any CPU.Build.0 = Release|Any CPU
		{C041FB86-6848-40E2-B30E-48174C31A295}.Release|x64.ActiveCfg = Release|Any CPU
		{C041FB86-6848-40E2-B30E-48174C31A295}.Release|x64.Build.0 = Release|Any CPU
		{C041FB86-6848-40E2-B30E-48174C31A295}.Release|x86.ActiveCfg = Release|Any CPU
		{C041FB86-6848-40E2-B30E-48174C31A295}.Release|x86.Build.0 = Release|Any CPU
		{DEC24A29-A1C2-4065-93AF-4D75788D43D2}.Debug|Any CPU.ActiveCfg = Debug|Any CPU
		{DEC24A29-A1C2-4065-93AF-4D75788D43D2}.Debug|Any CPU.Build.0 = Debug|Any CPU
		{DEC24A29-A1C2-4065-93AF-4D75788D43D2}.Debug|x64.ActiveCfg = Debug|Any CPU
		{DEC24A29-A1C2-4065-93AF-4D75788D43D2}.Debug|x64.Build.0 = Debug|Any CPU
		{DEC24A29-A1C2-4065-93AF-4D75788D43D2}.Debug|x86.ActiveCfg = Debug|Any CPU
		{DEC24A29-A1C2-4065-93AF-4D75788D43D2}.Debug|x86.Build.0 = Debug|Any CPU
		{DEC24A29-A1C2-4065-93AF-4D75788D43D2}.Release|Any CPU.ActiveCfg = Release|Any CPU
		{DEC24A29-A1C2-4065-93AF-4D75788D43D2}.Release|Any CPU.Build.0 = Release|Any CPU
		{DEC24A29-A1C2-4065-93AF-4D75788D43D2}.Release|x64.ActiveCfg = Release|Any CPU
		{DEC24A29-A1C2-4065-93AF-4D75788D43D2}.Release|x64.Build.0 = Release|Any CPU
		{DEC24A29-A1C2-4065-93AF-4D75788D43D2}.Release|x86.ActiveCfg = Release|Any CPU
		{DEC24A29-A1C2-4065-93AF-4D75788D43D2}.Release|x86.Build.0 = Release|Any CPU
	EndGlobalSection
	GlobalSection(SolutionProperties) = preSolution
		HideSolutionNode = FALSE
	EndGlobalSection
	GlobalSection(ExtensibilityGlobals) = postSolution
		SolutionGuid = {FF7AAA39-63DB-4643-A49F-7AD5E27882A0}
	EndGlobalSection
EndGlobal
