
Microsoft Visual Studio Solution File, Format Version 12.00
# Visual Studio Version 17
VisualStudioVersion = 17.13.35913.81 d17.13
MinimumVisualStudioVersion = 10.0.40219.1
Project("{FAE04EC0-301F-11D3-BF4B-00C04F79EFBC}") = "ClinicManagementService", "ClinicManagementService.csproj", "{A0C38948-A690-464B-BE30-48032259F7CF}"
EndProject
Global
	GlobalSection(SolutionConfigurationPlatforms) = preSolution
		Debug|Any CPU = Debug|Any CPU
		Release|Any CPU = Release|Any CPU
	EndGlobalSection
	GlobalSection(ProjectConfigurationPlatforms) = postSolution
		{A0C38948-A690-464B-BE30-48032259F7CF}.Debug|Any CPU.ActiveCfg = Debug|Any CPU
		{A0C38948-A690-464B-BE30-48032259F7CF}.Debug|Any CPU.Build.0 = Debug|Any CPU
		{A0C38948-A690-464B-BE30-48032259F7CF}.Release|Any CPU.ActiveCfg = Release|Any CPU
		{A0C38948-A690-464B-BE30-48032259F7CF}.Release|Any CPU.Build.0 = Release|Any CPU
	EndGlobalSection
	GlobalSection(SolutionProperties) = preSolution
		HideSolutionNode = FALSE
	EndGlobalSection
	GlobalSection(ExtensibilityGlobals) = postSolution
		SolutionGuid = {183747BC-16BA-450C-94C0-16515B85BEB1}
	EndGlobalSection
EndGlobal
